
Microsoft Visual Studio Solution File, Format Version 12.00
# Visual Studio 14
VisualStudioVersion = 14.0.25420.1
MinimumVisualStudioVersion = 10.0.40219.1
Project("{FAE04EC0-301F-11D3-BF4B-00C04F79EFBC}") = "WSAUnity", "WSAUnity\WSAUnity.csproj", "{5635CF03-FD91-43F0-B839-94D9E9F7816E}"
EndProject
Project("{FAE04EC0-301F-11D3-BF4B-00C04F79EFBC}") = "WSAStub", "WSAStub\WSAStub.csproj", "{3C1DAE99-D7CC-4283-A65C-7A1FDC2B962D}"
	ProjectSection(ProjectDependencies) = postProject
		{5635CF03-FD91-43F0-B839-94D9E9F7816E} = {5635CF03-FD91-43F0-B839-94D9E9F7816E}
	EndProjectSection
EndProject
Project("{FAE04EC0-301F-11D3-BF4B-00C04F79EFBC}") = "TestVideoSenderApp", "PluginTestApp\TestVideoSenderApp.csproj", "{A251F0C9-89C8-4D87-90E5-467808BE021C}"
EndProject
Global
	GlobalSection(SolutionConfigurationPlatforms) = preSolution
		Debug|Any CPU = Debug|Any CPU
		Debug|ARM = Debug|ARM
		Debug|x64 = Debug|x64
		Debug|x86 = Debug|x86
		Release|Any CPU = Release|Any CPU
		Release|ARM = Release|ARM
		Release|x64 = Release|x64
		Release|x86 = Release|x86
	EndGlobalSection
	GlobalSection(ProjectConfigurationPlatforms) = postSolution
		{5635CF03-FD91-43F0-B839-94D9E9F7816E}.Debug|Any CPU.ActiveCfg = Debug|Any CPU
		{5635CF03-FD91-43F0-B839-94D9E9F7816E}.Debug|Any CPU.Build.0 = Debug|Any CPU
		{5635CF03-FD91-43F0-B839-94D9E9F7816E}.Debug|ARM.ActiveCfg = Debug|ARM
		{5635CF03-FD91-43F0-B839-94D9E9F7816E}.Debug|ARM.Build.0 = Debug|ARM
		{5635CF03-FD91-43F0-B839-94D9E9F7816E}.Debug|x64.ActiveCfg = Debug|x64
		{5635CF03-FD91-43F0-B839-94D9E9F7816E}.Debug|x64.Build.0 = Debug|x64
		{5635CF03-FD91-43F0-B839-94D9E9F7816E}.Debug|x86.ActiveCfg = Debug|x86
		{5635CF03-FD91-43F0-B839-94D9E9F7816E}.Debug|x86.Build.0 = Debug|x86
		{5635CF03-FD91-43F0-B839-94D9E9F7816E}.Release|Any CPU.ActiveCfg = Release|Any CPU
		{5635CF03-FD91-43F0-B839-94D9E9F7816E}.Release|Any CPU.Build.0 = Release|Any CPU
		{5635CF03-FD91-43F0-B839-94D9E9F7816E}.Release|ARM.ActiveCfg = Release|ARM
		{5635CF03-FD91-43F0-B839-94D9E9F7816E}.Release|ARM.Build.0 = Release|ARM
		{5635CF03-FD91-43F0-B839-94D9E9F7816E}.Release|x64.ActiveCfg = Release|x64
		{5635CF03-FD91-43F0-B839-94D9E9F7816E}.Release|x64.Build.0 = Release|x64
		{5635CF03-FD91-43F0-B839-94D9E9F7816E}.Release|x86.ActiveCfg = Release|x86
		{5635CF03-FD91-43F0-B839-94D9E9F7816E}.Release|x86.Build.0 = Release|x86
		{3C1DAE99-D7CC-4283-A65C-7A1FDC2B962D}.Debug|Any CPU.ActiveCfg = Debug|Any CPU
		{3C1DAE99-D7CC-4283-A65C-7A1FDC2B962D}.Debug|Any CPU.Build.0 = Debug|Any CPU
		{3C1DAE99-D7CC-4283-A65C-7A1FDC2B962D}.Debug|ARM.ActiveCfg = Debug|Any CPU
		{3C1DAE99-D7CC-4283-A65C-7A1FDC2B962D}.Debug|ARM.Build.0 = Debug|Any CPU
		{3C1DAE99-D7CC-4283-A65C-7A1FDC2B962D}.Debug|x64.ActiveCfg = Debug|Any CPU
		{3C1DAE99-D7CC-4283-A65C-7A1FDC2B962D}.Debug|x64.Build.0 = Debug|Any CPU
		{3C1DAE99-D7CC-4283-A65C-7A1FDC2B962D}.Debug|x86.ActiveCfg = Debug|Any CPU
		{3C1DAE99-D7CC-4283-A65C-7A1FDC2B962D}.Debug|x86.Build.0 = Debug|Any CPU
		{3C1DAE99-D7CC-4283-A65C-7A1FDC2B962D}.Release|Any CPU.ActiveCfg = Release|Any CPU
		{3C1DAE99-D7CC-4283-A65C-7A1FDC2B962D}.Release|Any CPU.Build.0 = Release|Any CPU
		{3C1DAE99-D7CC-4283-A65C-7A1FDC2B962D}.Release|ARM.ActiveCfg = Release|Any CPU
		{3C1DAE99-D7CC-4283-A65C-7A1FDC2B962D}.Release|ARM.Build.0 = Release|Any CPU
		{3C1DAE99-D7CC-4283-A65C-7A1FDC2B962D}.Release|x64.ActiveCfg = Release|Any CPU
		{3C1DAE99-D7CC-4283-A65C-7A1FDC2B962D}.Release|x64.Build.0 = Release|Any CPU
		{3C1DAE99-D7CC-4283-A65C-7A1FDC2B962D}.Release|x86.ActiveCfg = Release|Any CPU
		{3C1DAE99-D7CC-4283-A65C-7A1FDC2B962D}.Release|x86.Build.0 = Release|Any CPU
		{A251F0C9-89C8-4D87-90E5-467808BE021C}.Debug|Any CPU.ActiveCfg = Debug|x86
		{A251F0C9-89C8-4D87-90E5-467808BE021C}.Debug|Any CPU.Build.0 = Debug|x86
		{A251F0C9-89C8-4D87-90E5-467808BE021C}.Debug|Any CPU.Deploy.0 = Debug|x86
		{A251F0C9-89C8-4D87-90E5-467808BE021C}.Debug|ARM.ActiveCfg = Debug|ARM
		{A251F0C9-89C8-4D87-90E5-467808BE021C}.Debug|ARM.Build.0 = Debug|ARM
		{A251F0C9-89C8-4D87-90E5-467808BE021C}.Debug|ARM.Deploy.0 = Debug|ARM
		{A251F0C9-89C8-4D87-90E5-467808BE021C}.Debug|x64.ActiveCfg = Debug|x64
		{A251F0C9-89C8-4D87-90E5-467808BE021C}.Debug|x64.Build.0 = Debug|x64
		{A251F0C9-89C8-4D87-90E5-467808BE021C}.Debug|x64.Deploy.0 = Debug|x64
		{A251F0C9-89C8-4D87-90E5-467808BE021C}.Debug|x86.ActiveCfg = Debug|x86
		{A251F0C9-89C8-4D87-90E5-467808BE021C}.Debug|x86.Build.0 = Debug|x86
		{A251F0C9-89C8-4D87-90E5-467808BE021C}.Debug|x86.Deploy.0 = Debug|x86
		{A251F0C9-89C8-4D87-90E5-467808BE021C}.Release|Any CPU.ActiveCfg = Release|x86
		{A251F0C9-89C8-4D87-90E5-467808BE021C}.Release|ARM.ActiveCfg = Release|ARM
		{A251F0C9-89C8-4D87-90E5-467808BE021C}.Release|ARM.Build.0 = Release|ARM
		{A251F0C9-89C8-4D87-90E5-467808BE021C}.Release|ARM.Deploy.0 = Release|ARM
		{A251F0C9-89C8-4D87-90E5-467808BE021C}.Release|x64.ActiveCfg = Release|x64
		{A251F0C9-89C8-4D87-90E5-467808BE021C}.Release|x64.Build.0 = Release|x64
		{A251F0C9-89C8-4D87-90E5-467808BE021C}.Release|x64.Deploy.0 = Release|x64
		{A251F0C9-89C8-4D87-90E5-467808BE021C}.Release|x86.ActiveCfg = Release|x86
		{A251F0C9-89C8-4D87-90E5-467808BE021C}.Release|x86.Build.0 = Release|x86
		{A251F0C9-89C8-4D87-90E5-467808BE021C}.Release|x86.Deploy.0 = Release|x86
	EndGlobalSection
	GlobalSection(SolutionProperties) = preSolution
		HideSolutionNode = FALSE
	EndGlobalSection
EndGlobal
